
Microsoft Visual Studio Solution File, Format Version 12.00
# Visual Studio Version 17
VisualStudioVersion = 17.9.34723.18
MinimumVisualStudioVersion = 10.0.40219.1
Project("{FAE04EC0-301F-11D3-BF4B-00C04F79EFBC}") = "LearnerProject", "LearnerProject\LearnerProject.csproj", "{3FAA2D0E-BFEA-494B-BD75-3F67F60D067B}"
EndProject
Global
	GlobalSection(SolutionConfigurationPlatforms) = preSolution
		Debug|Any CPU = Debug|Any CPU
		Release|Any CPU = Release|Any CPU
	EndGlobalSection
	GlobalSection(ProjectConfigurationPlatforms) = postSolution
		{3FAA2D0E-BFEA-494B-BD75-3F67F60D067B}.Debug|Any CPU.ActiveCfg = Debug|Any CPU
		{3FAA2D0E-BFEA-494B-BD75-3F67F60D067B}.Debug|Any CPU.Build.0 = Debug|Any CPU
		{3FAA2D0E-BFEA-494B-BD75-3F67F60D067B}.Release|Any CPU.ActiveCfg = Release|Any CPU
		{3FAA2D0E-BFEA-494B-BD75-3F67F60D067B}.Release|Any CPU.Build.0 = Release|Any CPU
	EndGlobalSection
	GlobalSection(SolutionProperties) = preSolution
		HideSolutionNode = FALSE
	EndGlobalSection
	GlobalSection(ExtensibilityGlobals) = postSolution
		SolutionGuid = {F4ED4FE7-A4C2-4FC5-8672-5C012C0C175E}
	EndGlobalSection
EndGlobal
